
Microsoft Visual Studio Solution File, Format Version 12.00
# Visual Studio Version 16
VisualStudioVersion = 16.0.30330.147
MinimumVisualStudioVersion = 10.0.40219.1
Project("{9A19103F-16F7-4668-BE54-9A1E7A4F7556}") = "Skipper", "src\Skipper\Skipper.csproj", "{695046BD-A72E-4D4A-9883-C6475F911B6C}"
EndProject
Project("{2150E333-8FDC-42A3-9474-1A3956D46DE8}") = "src", "src", "{4376CA36-CA82-494A-84EF-21D9E11EEFC3}"
EndProject
Project("{9A19103F-16F7-4668-BE54-9A1E7A4F7556}") = "Skipper.Core", "src\Skipper.Core\Skipper.Core.csproj", "{BA8883A9-1030-4737-9006-D178271ECFAC}"
EndProject
Global
	GlobalSection(SolutionConfigurationPlatforms) = preSolution
		Debug|Any CPU = Debug|Any CPU
		Release|Any CPU = Release|Any CPU
	EndGlobalSection
	GlobalSection(ProjectConfigurationPlatforms) = postSolution
		{695046BD-A72E-4D4A-9883-C6475F911B6C}.Debug|Any CPU.ActiveCfg = Debug|Any CPU
		{695046BD-A72E-4D4A-9883-C6475F911B6C}.Debug|Any CPU.Build.0 = Debug|Any CPU
		{695046BD-A72E-4D4A-9883-C6475F911B6C}.Release|Any CPU.ActiveCfg = Release|Any CPU
		{695046BD-A72E-4D4A-9883-C6475F911B6C}.Release|Any CPU.Build.0 = Release|Any CPU
		{BA8883A9-1030-4737-9006-D178271ECFAC}.Debug|Any CPU.ActiveCfg = Debug|Any CPU
		{BA8883A9-1030-4737-9006-D178271ECFAC}.Debug|Any CPU.Build.0 = Debug|Any CPU
		{BA8883A9-1030-4737-9006-D178271ECFAC}.Release|Any CPU.ActiveCfg = Release|Any CPU
		{BA8883A9-1030-4737-9006-D178271ECFAC}.Release|Any CPU.Build.0 = Release|Any CPU
	EndGlobalSection
	GlobalSection(SolutionProperties) = preSolution
		HideSolutionNode = FALSE
	EndGlobalSection
	GlobalSection(NestedProjects) = preSolution
		{695046BD-A72E-4D4A-9883-C6475F911B6C} = {4376CA36-CA82-494A-84EF-21D9E11EEFC3}
		{BA8883A9-1030-4737-9006-D178271ECFAC} = {4376CA36-CA82-494A-84EF-21D9E11EEFC3}
	EndGlobalSection
	GlobalSection(ExtensibilityGlobals) = postSolution
		SolutionGuid = {2970E43F-A14D-47FC-8202-1D905D78D400}
	EndGlobalSection
EndGlobal
